// !$*UTF8*$!
{
	archiveVersion = 1;
	classes = {
	};
	objectVersion = 50;
	objects = {

/* Begin PBXBuildFile section */
		4BFF40D222262C7800D8F203 /* AppDelegate.swift in Sources */ = {isa = PBXBuildFile; fileRef = 4BFF40D122262C7800D8F203 /* AppDelegate.swift */; };
		4BFF40D422262C7800D8F203 /* ViewController.swift in Sources */ = {isa = PBXBuildFile; fileRef = 4BFF40D322262C7800D8F203 /* ViewController.swift */; };
		4BFF40D722262C7800D8F203 /* Main.storyboard in Resources */ = {isa = PBXBuildFile; fileRef = 4BFF40D522262C7800D8F203 /* Main.storyboard */; };
		4BFF40D922262C7900D8F203 /* Assets.xcassets in Resources */ = {isa = PBXBuildFile; fileRef = 4BFF40D822262C7900D8F203 /* Assets.xcassets */; };
		4BFF40DC22262C7900D8F203 /* LaunchScreen.storyboard in Resources */ = {isa = PBXBuildFile; fileRef = 4BFF40DA22262C7900D8F203 /* LaunchScreen.storyboard */; };
		4BFF40E722262C7900D8F203 /* RealmDemoTests.swift in Sources */ = {isa = PBXBuildFile; fileRef = 4BFF40E622262C7900D8F203 /* RealmDemoTests.swift */; };
		4BFF40F222262D8100D8F203 /* Model.swift in Sources */ = {isa = PBXBuildFile; fileRef = 4BFF40F122262D8100D8F203 /* Model.swift */; };
		A733740656BD949171E305A6 /* Pods_RealmDemo.framework in Frameworks */ = {isa = PBXBuildFile; fileRef = A70869DC893DB763EFFE4761 /* Pods_RealmDemo.framework */; };
		CB05C2A89699AC7BB685D855 /* Pods_RealmDemoTests.framework in Frameworks */ = {isa = PBXBuildFile; fileRef = 2C56D85AE462196CE8103D54 /* Pods_RealmDemoTests.framework */; };
/* End PBXBuildFile section */

/* Begin PBXContainerItemProxy section */
		4BFF40E322262C7900D8F203 /* PBXContainerItemProxy */ = {
			isa = PBXContainerItemProxy;
			containerPortal = 4BFF40C622262C7800D8F203 /* Project object */;
			proxyType = 1;
			remoteGlobalIDString = 4BFF40CD22262C7800D8F203;
			remoteInfo = RealmDemo;
		};
/* End PBXContainerItemProxy section */

/* Begin PBXFileReference section */
		147D1B3B1277C6604201ECAC /* Pods-RealmDemoTests.debug.xcconfig */ = {isa = PBXFileReference; includeInIndex = 1; lastKnownFileType = text.xcconfig; name = "Pods-RealmDemoTests.debug.xcconfig"; path = "Target Support Files/Pods-RealmDemoTests/Pods-RealmDemoTests.debug.xcconfig"; sourceTree = "<group>"; };
		2C56D85AE462196CE8103D54 /* Pods_RealmDemoTests.framework */ = {isa = PBXFileReference; explicitFileType = wrapper.framework; includeInIndex = 0; path = Pods_RealmDemoTests.framework; sourceTree = BUILT_PRODUCTS_DIR; };
		4BFF40CE22262C7800D8F203 /* RealmDemo.app */ = {isa = PBXFileReference; explicitFileType = wrapper.application; includeInIndex = 0; path = RealmDemo.app; sourceTree = BUILT_PRODUCTS_DIR; };
		4BFF40D122262C7800D8F203 /* AppDelegate.swift */ = {isa = PBXFileReference; lastKnownFileType = sourcecode.swift; path = AppDelegate.swift; sourceTree = "<group>"; };
		4BFF40D322262C7800D8F203 /* ViewController.swift */ = {isa = PBXFileReference; lastKnownFileType = sourcecode.swift; path = ViewController.swift; sourceTree = "<group>"; };
		4BFF40D622262C7800D8F203 /* Base */ = {isa = PBXFileReference; lastKnownFileType = file.storyboard; name = Base; path = Base.lproj/Main.storyboard; sourceTree = "<group>"; };
		4BFF40D822262C7900D8F203 /* Assets.xcassets */ = {isa = PBXFileReference; lastKnownFileType = folder.assetcatalog; path = Assets.xcassets; sourceTree = "<group>"; };
		4BFF40DB22262C7900D8F203 /* Base */ = {isa = PBXFileReference; lastKnownFileType = file.storyboard; name = Base; path = Base.lproj/LaunchScreen.storyboard; sourceTree = "<group>"; };
		4BFF40DD22262C7900D8F203 /* Info.plist */ = {isa = PBXFileReference; lastKnownFileType = text.plist.xml; path = Info.plist; sourceTree = "<group>"; };
		4BFF40E222262C7900D8F203 /* RealmDemoTests.xctest */ = {isa = PBXFileReference; explicitFileType = wrapper.cfbundle; includeInIndex = 0; path = RealmDemoTests.xctest; sourceTree = BUILT_PRODUCTS_DIR; };
		4BFF40E622262C7900D8F203 /* RealmDemoTests.swift */ = {isa = PBXFileReference; lastKnownFileType = sourcecode.swift; path = RealmDemoTests.swift; sourceTree = "<group>"; };
		4BFF40E822262C7900D8F203 /* Info.plist */ = {isa = PBXFileReference; lastKnownFileType = text.plist.xml; path = Info.plist; sourceTree = "<group>"; };
		4BFF40F122262D8100D8F203 /* Model.swift */ = {isa = PBXFileReference; lastKnownFileType = sourcecode.swift; path = Model.swift; sourceTree = "<group>"; };
		73896D2E03CAD2B60C2F995B /* Pods-RealmDemoTests.release.xcconfig */ = {isa = PBXFileReference; includeInIndex = 1; lastKnownFileType = text.xcconfig; name = "Pods-RealmDemoTests.release.xcconfig"; path = "Target Support Files/Pods-RealmDemoTests/Pods-RealmDemoTests.release.xcconfig"; sourceTree = "<group>"; };
		A70869DC893DB763EFFE4761 /* Pods_RealmDemo.framework */ = {isa = PBXFileReference; explicitFileType = wrapper.framework; includeInIndex = 0; path = Pods_RealmDemo.framework; sourceTree = BUILT_PRODUCTS_DIR; };
		BA668E69DFFAE8223B7575B7 /* Pods-RealmDemo.release.xcconfig */ = {isa = PBXFileReference; includeInIndex = 1; lastKnownFileType = text.xcconfig; name = "Pods-RealmDemo.release.xcconfig"; path = "Target Support Files/Pods-RealmDemo/Pods-RealmDemo.release.xcconfig"; sourceTree = "<group>"; };
		FE569FADA1F0E0D2E705DC05 /* Pods-RealmDemo.debug.xcconfig */ = {isa = PBXFileReference; includeInIndex = 1; lastKnownFileType = text.xcconfig; name = "Pods-RealmDemo.debug.xcconfig"; path = "Target Support Files/Pods-RealmDemo/Pods-RealmDemo.debug.xcconfig"; sourceTree = "<group>"; };
/* End PBXFileReference section */

/* Begin PBXFrameworksBuildPhase section */
		4BFF40CB22262C7800D8F203 /* Frameworks */ = {
			isa = PBXFrameworksBuildPhase;
			buildActionMask = 2147483647;
			files = (
				A733740656BD949171E305A6 /* Pods_RealmDemo.framework in Frameworks */,
			);
			runOnlyForDeploymentPostprocessing = 0;
		};
		4BFF40DF22262C7900D8F203 /* Frameworks */ = {
			isa = PBXFrameworksBuildPhase;
			buildActionMask = 2147483647;
			files = (
				CB05C2A89699AC7BB685D855 /* Pods_RealmDemoTests.framework in Frameworks */,
			);
			runOnlyForDeploymentPostprocessing = 0;
		};
/* End PBXFrameworksBuildPhase section */

/* Begin PBXGroup section */
		0C52ACFC502D411913344BA1 /* Frameworks */ = {
			isa = PBXGroup;
			children = (
				A70869DC893DB763EFFE4761 /* Pods_RealmDemo.framework */,
				2C56D85AE462196CE8103D54 /* Pods_RealmDemoTests.framework */,
			);
			name = Frameworks;
			sourceTree = "<group>";
		};
		4BFF40C522262C7800D8F203 = {
			isa = PBXGroup;
			children = (
				4BFF40D022262C7800D8F203 /* RealmDemo */,
				4BFF40E522262C7900D8F203 /* RealmDemoTests */,
				4BFF40CF22262C7800D8F203 /* Products */,
				858CAB138AFC0ACD0F424A0E /* Pods */,
				0C52ACFC502D411913344BA1 /* Frameworks */,
			);
			sourceTree = "<group>";
		};
		4BFF40CF22262C7800D8F203 /* Products */ = {
			isa = PBXGroup;
			children = (
				4BFF40CE22262C7800D8F203 /* RealmDemo.app */,
				4BFF40E222262C7900D8F203 /* RealmDemoTests.xctest */,
			);
			name = Products;
			sourceTree = "<group>";
		};
		4BFF40D022262C7800D8F203 /* RealmDemo */ = {
			isa = PBXGroup;
			children = (
				4BFF40D122262C7800D8F203 /* AppDelegate.swift */,
				4BFF40F122262D8100D8F203 /* Model.swift */,
				4BFF40D322262C7800D8F203 /* ViewController.swift */,
				4BFF40D522262C7800D8F203 /* Main.storyboard */,
				4BFF40D822262C7900D8F203 /* Assets.xcassets */,
				4BFF40DA22262C7900D8F203 /* LaunchScreen.storyboard */,
				4BFF40DD22262C7900D8F203 /* Info.plist */,
			);
			path = RealmDemo;
			sourceTree = "<group>";
		};
		4BFF40E522262C7900D8F203 /* RealmDemoTests */ = {
			isa = PBXGroup;
			children = (
				4BFF40E622262C7900D8F203 /* RealmDemoTests.swift */,
				4BFF40E822262C7900D8F203 /* Info.plist */,
			);
			path = RealmDemoTests;
			sourceTree = "<group>";
		};
		858CAB138AFC0ACD0F424A0E /* Pods */ = {
			isa = PBXGroup;
			children = (
				FE569FADA1F0E0D2E705DC05 /* Pods-RealmDemo.debug.xcconfig */,
				BA668E69DFFAE8223B7575B7 /* Pods-RealmDemo.release.xcconfig */,
				147D1B3B1277C6604201ECAC /* Pods-RealmDemoTests.debug.xcconfig */,
				73896D2E03CAD2B60C2F995B /* Pods-RealmDemoTests.release.xcconfig */,
			);
			path = Pods;
			sourceTree = "<group>";
		};
/* End PBXGroup section */

/* Begin PBXNativeTarget section */
		4BFF40CD22262C7800D8F203 /* RealmDemo */ = {
			isa = PBXNativeTarget;
			buildConfigurationList = 4BFF40EB22262C7900D8F203 /* Build configuration list for PBXNativeTarget "RealmDemo" */;
			buildPhases = (
				CCDA5A88C850AE7F8CEC373C /* [CP] Check Pods Manifest.lock */,
				4BFF40CA22262C7800D8F203 /* Sources */,
				4BFF40CB22262C7800D8F203 /* Frameworks */,
				4BFF40CC22262C7800D8F203 /* Resources */,
				5CBA8BC6E79C43BF350ECD51 /* [CP] Embed Pods Frameworks */,
			);
			buildRules = (
			);
			dependencies = (
			);
			name = RealmDemo;
			productName = RealmDemo;
			productReference = 4BFF40CE22262C7800D8F203 /* RealmDemo.app */;
			productType = "com.apple.product-type.application";
		};
		4BFF40E122262C7900D8F203 /* RealmDemoTests */ = {
			isa = PBXNativeTarget;
			buildConfigurationList = 4BFF40EE22262C7900D8F203 /* Build configuration list for PBXNativeTarget "RealmDemoTests" */;
			buildPhases = (
				51FF2927D170F06766BD8DDC /* [CP] Check Pods Manifest.lock */,
				4BFF40DE22262C7900D8F203 /* Sources */,
				4BFF40DF22262C7900D8F203 /* Frameworks */,
				4BFF40E022262C7900D8F203 /* Resources */,
			);
			buildRules = (
			);
			dependencies = (
				4BFF40E422262C7900D8F203 /* PBXTargetDependency */,
			);
			name = RealmDemoTests;
			productName = RealmDemoTests;
			productReference = 4BFF40E222262C7900D8F203 /* RealmDemoTests.xctest */;
			productType = "com.apple.product-type.bundle.unit-test";
		};
/* End PBXNativeTarget section */

/* Begin PBXProject section */
		4BFF40C622262C7800D8F203 /* Project object */ = {
			isa = PBXProject;
			attributes = {
				LastSwiftUpdateCheck = 1010;
				LastUpgradeCheck = 1010;
				ORGANIZATIONNAME = "Rebecca Zhang";
				TargetAttributes = {
					4BFF40CD22262C7800D8F203 = {
						CreatedOnToolsVersion = 10.1;
					};
					4BFF40E122262C7900D8F203 = {
						CreatedOnToolsVersion = 10.1;
						TestTargetID = 4BFF40CD22262C7800D8F203;
					};
				};
			};
			buildConfigurationList = 4BFF40C922262C7800D8F203 /* Build configuration list for PBXProject "RealmDemo" */;
			compatibilityVersion = "Xcode 9.3";
			developmentRegion = en;
			hasScannedForEncodings = 0;
			knownRegions = (
				en,
				Base,
			);
			mainGroup = 4BFF40C522262C7800D8F203;
			productRefGroup = 4BFF40CF22262C7800D8F203 /* Products */;
			projectDirPath = "";
			projectRoot = "";
			targets = (
				4BFF40CD22262C7800D8F203 /* RealmDemo */,
				4BFF40E122262C7900D8F203 /* RealmDemoTests */,
			);
		};
/* End PBXProject section */

/* Begin PBXResourcesBuildPhase section */
		4BFF40CC22262C7800D8F203 /* Resources */ = {
			isa = PBXResourcesBuildPhase;
			buildActionMask = 2147483647;
			files = (
				4BFF40DC22262C7900D8F203 /* LaunchScreen.storyboard in Resources */,
				4BFF40D922262C7900D8F203 /* Assets.xcassets in Resources */,
				4BFF40D722262C7800D8F203 /* Main.storyboard in Resources */,
			);
			runOnlyForDeploymentPostprocessing = 0;
		};
		4BFF40E022262C7900D8F203 /* Resources */ = {
			isa = PBXResourcesBuildPhase;
			buildActionMask = 2147483647;
			files = (
			);
			runOnlyForDeploymentPostprocessing = 0;
		};
/* End PBXResourcesBuildPhase section */

/* Begin PBXShellScriptBuildPhase section */
		51FF2927D170F06766BD8DDC /* [CP] Check Pods Manifest.lock */ = {
			isa = PBXShellScriptBuildPhase;
			buildActionMask = 2147483647;
			files = (
			);
			inputFileListPaths = (
			);
			inputPaths = (
				"${PODS_PODFILE_DIR_PATH}/Podfile.lock",
				"${PODS_ROOT}/Manifest.lock",
			);
			name = "[CP] Check Pods Manifest.lock";
			outputFileListPaths = (
			);
			outputPaths = (
				"$(DERIVED_FILE_DIR)/Pods-RealmDemoTests-checkManifestLockResult.txt",
			);
			runOnlyForDeploymentPostprocessing = 0;
			shellPath = /bin/sh;
			shellScript = "diff \"${PODS_PODFILE_DIR_PATH}/Podfile.lock\" \"${PODS_ROOT}/Manifest.lock\" > /dev/null\nif [ $? != 0 ] ; then\n    # print error to STDERR\n    echo \"error: The sandbox is not in sync with the Podfile.lock. Run 'pod install' or update your CocoaPods installation.\" >&2\n    exit 1\nfi\n# This output is used by Xcode 'outputs' to avoid re-running this script phase.\necho \"SUCCESS\" > \"${SCRIPT_OUTPUT_FILE_0}\"\n";
			showEnvVarsInLog = 0;
		};
		5CBA8BC6E79C43BF350ECD51 /* [CP] Embed Pods Frameworks */ = {
			isa = PBXShellScriptBuildPhase;
			buildActionMask = 2147483647;
			files = (
			);
			inputFileListPaths = (
			);
			inputPaths = (
				"${PODS_ROOT}/Target Support Files/Pods-RealmDemo/Pods-RealmDemo-frameworks.sh",
				"${BUILT_PRODUCTS_DIR}/Realm/Realm.framework",
				"${BUILT_PRODUCTS_DIR}/RealmSwift/RealmSwift.framework",
			);
			name = "[CP] Embed Pods Frameworks";
			outputFileListPaths = (
			);
			outputPaths = (
				"${TARGET_BUILD_DIR}/${FRAMEWORKS_FOLDER_PATH}/Realm.framework",
				"${TARGET_BUILD_DIR}/${FRAMEWORKS_FOLDER_PATH}/RealmSwift.framework",
			);
			runOnlyForDeploymentPostprocessing = 0;
			shellPath = /bin/sh;
			shellScript = "\"${PODS_ROOT}/Target Support Files/Pods-RealmDemo/Pods-RealmDemo-frameworks.sh\"\n";
			showEnvVarsInLog = 0;
		};
		CCDA5A88C850AE7F8CEC373C /* [CP] Check Pods Manifest.lock */ = {
			isa = PBXShellScriptBuildPhase;
			buildActionMask = 2147483647;
			files = (
			);
			inputFileListPaths = (
			);
			inputPaths = (
				"${PODS_PODFILE_DIR_PATH}/Podfile.lock",
				"${PODS_ROOT}/Manifest.lock",
			);
			name = "[CP] Check Pods Manifest.lock";
			outputFileListPaths = (
			);
			outputPaths = (
				"$(DERIVED_FILE_DIR)/Pods-RealmDemo-checkManifestLockResult.txt",
			);
			runOnlyForDeploymentPostprocessing = 0;
			shellPath = /bin/sh;
			shellScript = "diff \"${PODS_PODFILE_DIR_PATH}/Podfile.lock\" \"${PODS_ROOT}/Manifest.lock\" > /dev/null\nif [ $? != 0 ] ; then\n    # print error to STDERR\n    echo \"error: The sandbox is not in sync with the Podfile.lock. Run 'pod install' or update your CocoaPods installation.\" >&2\n    exit 1\nfi\n# This output is used by Xcode 'outputs' to avoid re-running this script phase.\necho \"SUCCESS\" > \"${SCRIPT_OUTPUT_FILE_0}\"\n";
			showEnvVarsInLog = 0;
		};
/* End PBXShellScriptBuildPhase section */

/* Begin PBXSourcesBuildPhase section */
		4BFF40CA22262C7800D8F203 /* Sources */ = {
			isa = PBXSourcesBuildPhase;
			buildActionMask = 2147483647;
			files = (
				4BFF40F222262D8100D8F203 /* Model.swift in Sources */,
				4BFF40D422262C7800D8F203 /* ViewController.swift in Sources */,
				4BFF40D222262C7800D8F203 /* AppDelegate.swift in Sources */,
			);
			runOnlyForDeploymentPostprocessing = 0;
		};
		4BFF40DE22262C7900D8F203 /* Sources */ = {
			isa = PBXSourcesBuildPhase;
			buildActionMask = 2147483647;
			files = (
				4BFF40E722262C7900D8F203 /* RealmDemoTests.swift in Sources */,
			);
			runOnlyForDeploymentPostprocessing = 0;
		};
/* End PBXSourcesBuildPhase section */

/* Begin PBXTargetDependency section */
		4BFF40E422262C7900D8F203 /* PBXTargetDependency */ = {
			isa = PBXTargetDependency;
			target = 4BFF40CD22262C7800D8F203 /* RealmDemo */;
			targetProxy = 4BFF40E322262C7900D8F203 /* PBXContainerItemProxy */;
		};
/* End PBXTargetDependency section */

/* Begin PBXVariantGroup section */
		4BFF40D522262C7800D8F203 /* Main.storyboard */ = {
			isa = PBXVariantGroup;
			children = (
				4BFF40D622262C7800D8F203 /* Base */,
			);
			name = Main.storyboard;
			sourceTree = "<group>";
		};
		4BFF40DA22262C7900D8F203 /* LaunchScreen.storyboard */ = {
			isa = PBXVariantGroup;
			children = (
				4BFF40DB22262C7900D8F203 /* Base */,
			);
			name = LaunchScreen.storyboard;
			sourceTree = "<group>";
		};
/* End PBXVariantGroup section */

/* Begin XCBuildConfiguration section */
		4BFF40E922262C7900D8F203 /* Debug */ = {
			isa = XCBuildConfiguration;
			buildSettings = {
				ALWAYS_SEARCH_USER_PATHS = NO;
				CLANG_ANALYZER_NONNULL = YES;
				CLANG_ANALYZER_NUMBER_OBJECT_CONVERSION = YES_AGGRESSIVE;
				CLANG_CXX_LANGUAGE_STANDARD = "gnu++14";
				CLANG_CXX_LIBRARY = "libc++";
				CLANG_ENABLE_MODULES = YES;
				CLANG_ENABLE_OBJC_ARC = YES;
				CLANG_ENABLE_OBJC_WEAK = YES;
				CLANG_WARN_BLOCK_CAPTURE_AUTORELEASING = YES;
				CLANG_WARN_BOOL_CONVERSION = YES;
				CLANG_WARN_COMMA = YES;
				CLANG_WARN_CONSTANT_CONVERSION = YES;
				CLANG_WARN_DEPRECATED_OBJC_IMPLEMENTATIONS = YES;
				CLANG_WARN_DIRECT_OBJC_ISA_USAGE = YES_ERROR;
				CLANG_WARN_DOCUMENTATION_COMMENTS = YES;
				CLANG_WARN_EMPTY_BODY = YES;
				CLANG_WARN_ENUM_CONVERSION = YES;
				CLANG_WARN_INFINITE_RECURSION = YES;
				CLANG_WARN_INT_CONVERSION = YES;
				CLANG_WARN_NON_LITERAL_NULL_CONVERSION = YES;
				CLANG_WARN_OBJC_IMPLICIT_RETAIN_SELF = YES;
				CLANG_WARN_OBJC_LITERAL_CONVERSION = YES;
				CLANG_WARN_OBJC_ROOT_CLASS = YES_ERROR;
				CLANG_WARN_RANGE_LOOP_ANALYSIS = YES;
				CLANG_WARN_STRICT_PROTOTYPES = YES;
				CLANG_WARN_SUSPICIOUS_MOVE = YES;
				CLANG_WARN_UNGUARDED_AVAILABILITY = YES_AGGRESSIVE;
				CLANG_WARN_UNREACHABLE_CODE = YES;
				CLANG_WARN__DUPLICATE_METHOD_MATCH = YES;
				CODE_SIGN_IDENTITY = "iPhone Developer";
				COPY_PHASE_STRIP = NO;
				DEBUG_INFORMATION_FORMAT = dwarf;
				ENABLE_STRICT_OBJC_MSGSEND = YES;
				ENABLE_TESTABILITY = YES;
				GCC_C_LANGUAGE_STANDARD = gnu11;
				GCC_DYNAMIC_NO_PIC = NO;
				GCC_NO_COMMON_BLOCKS = YES;
				GCC_OPTIMIZATION_LEVEL = 0;
				GCC_PREPROCESSOR_DEFINITIONS = (
					"DEBUG=1",
					"$(inherited)",
				);
				GCC_WARN_64_TO_32_BIT_CONVERSION = YES;
				GCC_WARN_ABOUT_RETURN_TYPE = YES_ERROR;
				GCC_WARN_UNDECLARED_SELECTOR = YES;
				GCC_WARN_UNINITIALIZED_AUTOS = YES_AGGRESSIVE;
				GCC_WARN_UNUSED_FUNCTION = YES;
				GCC_WARN_UNUSED_VARIABLE = YES;
				IPHONEOS_DEPLOYMENT_TARGET = 12.1;
				MTL_ENABLE_DEBUG_INFO = INCLUDE_SOURCE;
				MTL_FAST_MATH = YES;
				ONLY_ACTIVE_ARCH = YES;
				SDKROOT = iphoneos;
				SWIFT_ACTIVE_COMPILATION_CONDITIONS = DEBUG;
				SWIFT_OPTIMIZATION_LEVEL = "-Onone";
			};
			name = Debug;
		};
		4BFF40EA22262C7900D8F203 /* Release */ = {
			isa = XCBuildConfiguration;
			buildSettings = {
				ALWAYS_SEARCH_USER_PATHS = NO;
				CLANG_ANALYZER_NONNULL = YES;
				CLANG_ANALYZER_NUMBER_OBJECT_CONVERSION = YES_AGGRESSIVE;
				CLANG_CXX_LANGUAGE_STANDARD = "gnu++14";
				CLANG_CXX_LIBRARY = "libc++";
				CLANG_ENABLE_MODULES = YES;
				CLANG_ENABLE_OBJC_ARC = YES;
				CLANG_ENABLE_OBJC_WEAK = YES;
				CLANG_WARN_BLOCK_CAPTURE_AUTORELEASING = YES;
				CLANG_WARN_BOOL_CONVERSION = YES;
				CLANG_WARN_COMMA = YES;
				CLANG_WARN_CONSTANT_CONVERSION = YES;
				CLANG_WARN_DEPRECATED_OBJC_IMPLEMENTATIONS = YES;
				CLANG_WARN_DIRECT_OBJC_ISA_USAGE = YES_ERROR;
				CLANG_WARN_DOCUMENTATION_COMMENTS = YES;
				CLANG_WARN_EMPTY_BODY = YES;
				CLANG_WARN_ENUM_CONVERSION = YES;
				CLANG_WARN_INFINITE_RECURSION = YES;
				CLANG_WARN_INT_CONVERSION = YES;
				CLANG_WARN_NON_LITERAL_NULL_CONVERSION = YES;
				CLANG_WARN_OBJC_IMPLICIT_RETAIN_SELF = YES;
				CLANG_WARN_OBJC_LITERAL_CONVERSION = YES;
				CLANG_WARN_OBJC_ROOT_CLASS = YES_ERROR;
				CLANG_WARN_RANGE_LOOP_ANALYSIS = YES;
				CLANG_WARN_STRICT_PROTOTYPES = YES;
				CLANG_WARN_SUSPICIOUS_MOVE = YES;
				CLANG_WARN_UNGUARDED_AVAILABILITY = YES_AGGRESSIVE;
				CLANG_WARN_UNREACHABLE_CODE = YES;
				CLANG_WARN__DUPLICATE_METHOD_MATCH = YES;
				CODE_SIGN_IDENTITY = "iPhone Developer";
				COPY_PHASE_STRIP = NO;
				DEBUG_INFORMATION_FORMAT = "dwarf-with-dsym";
				ENABLE_NS_ASSERTIONS = NO;
				ENABLE_STRICT_OBJC_MSGSEND = YES;
				GCC_C_LANGUAGE_STANDARD = gnu11;
				GCC_NO_COMMON_BLOCKS = YES;
				GCC_WARN_64_TO_32_BIT_CONVERSION = YES;
				GCC_WARN_ABOUT_RETURN_TYPE = YES_ERROR;
				GCC_WARN_UNDECLARED_SELECTOR = YES;
				GCC_WARN_UNINITIALIZED_AUTOS = YES_AGGRESSIVE;
				GCC_WARN_UNUSED_FUNCTION = YES;
				GCC_WARN_UNUSED_VARIABLE = YES;
				IPHONEOS_DEPLOYMENT_TARGET = 12.1;
				MTL_ENABLE_DEBUG_INFO = NO;
				MTL_FAST_MATH = YES;
				SDKROOT = iphoneos;
				SWIFT_COMPILATION_MODE = wholemodule;
				SWIFT_OPTIMIZATION_LEVEL = "-O";
				VALIDATE_PRODUCT = YES;
			};
			name = Release;
		};
		4BFF40EC22262C7900D8F203 /* Debug */ = {
			isa = XCBuildConfiguration;
			baseConfigurationReference = FE569FADA1F0E0D2E705DC05 /* Pods-RealmDemo.debug.xcconfig */;
			buildSettings = {
				ASSETCATALOG_COMPILER_APPICON_NAME = AppIcon;
				CODE_SIGN_STYLE = Automatic;
				INFOPLIST_FILE = RealmDemo/Info.plist;
				LD_RUNPATH_SEARCH_PATHS = (
					"$(inherited)",
					"@executable_path/Frameworks",
				);
				PRODUCT_BUNDLE_IDENTIFIER = Rebecca.RealmDemo;
				PRODUCT_NAME = "$(TARGET_NAME)";
				SWIFT_VERSION = 4.2;
				TARGETED_DEVICE_FAMILY = "1,2";
			};
			name = Debug;
		};
		4BFF40ED22262C7900D8F203 /* Release */ = {
			isa = XCBuildConfiguration;
			baseConfigurationReference = BA668E69DFFAE8223B7575B7 /* Pods-RealmDemo.release.xcconfig */;
			buildSettings = {
				ASSETCATALOG_COMPILER_APPICON_NAME = AppIcon;
				CODE_SIGN_STYLE = Automatic;
				INFOPLIST_FILE = RealmDemo/Info.plist;
				LD_RUNPATH_SEARCH_PATHS = (
					"$(inherited)",
					"@executable_path/Frameworks",
				);
				PRODUCT_BUNDLE_IDENTIFIER = Rebecca.RealmDemo;
				PRODUCT_NAME = "$(TARGET_NAME)";
				SWIFT_VERSION = 4.2;
				TARGETED_DEVICE_FAMILY = "1,2";
			};
			name = Release;
		};
		4BFF40EF22262C7900D8F203 /* Debug */ = {
			isa = XCBuildConfiguration;
			baseConfigurationReference = 147D1B3B1277C6604201ECAC /* Pods-RealmDemoTests.debug.xcconfig */;
			buildSettings = {
				ALWAYS_EMBED_SWIFT_STANDARD_LIBRARIES = YES;
				BUNDLE_LOADER = "$(TEST_HOST)";
				CODE_SIGN_STYLE = Automatic;
				INFOPLIST_FILE = RealmDemoTests/Info.plist;
				LD_RUNPATH_SEARCH_PATHS = (
					"$(inherited)",
					"@executable_path/Frameworks",
					"@loader_path/Frameworks",
				);
				PRODUCT_BUNDLE_IDENTIFIER = Rebecca.RealmDemoTests;
				PRODUCT_NAME = "$(TARGET_NAME)";
				SWIFT_VERSION = 4.2;
				TARGETED_DEVICE_FAMILY = "1,2";
				TEST_HOST = "$(BUILT_PRODUCTS_DIR)/RealmDemo.app/RealmDemo";
			};
			name = Debug;
		};
		4BFF40F022262C7900D8F203 /* Release */ = {
			isa = XCBuildConfiguration;
			baseConfigurationReference = 73896D2E03CAD2B60C2F995B /* Pods-RealmDemoTests.release.xcconfig */;
			buildSettings = {
				ALWAYS_EMBED_SWIFT_STANDARD_LIBRARIES = YES;
				BUNDLE_LOADER = "$(TEST_HOST)";
				CODE_SIGN_STYLE = Automatic;
				INFOPLIST_FILE = RealmDemoTests/Info.plist;
				LD_RUNPATH_SEARCH_PATHS = (
					"$(inherited)",
					"@executable_path/Frameworks",
					"@loader_path/Frameworks",
				);
				PRODUCT_BUNDLE_IDENTIFIER = Rebecca.RealmDemoTests;
				PRODUCT_NAME = "$(TARGET_NAME)";
				SWIFT_VERSION = 4.2;
				TARGETED_DEVICE_FAMILY = "1,2";
				TEST_HOST = "$(BUILT_PRODUCTS_DIR)/RealmDemo.app/RealmDemo";
			};
			name = Release;
		};
/* End XCBuildConfiguration section */

/* Begin XCConfigurationList section */
		4BFF40C922262C7800D8F203 /* Build configuration list for PBXProject "RealmDemo" */ = {
			isa = XCConfigurationList;
			buildConfigurations = (
				4BFF40E922262C7900D8F203 /* Debug */,
				4BFF40EA22262C7900D8F203 /* Release */,
			);
			defaultConfigurationIsVisible = 0;
			defaultConfigurationName = Release;
		};
		4BFF40EB22262C7900D8F203 /* Build configuration list for PBXNativeTarget "RealmDemo" */ = {
			isa = XCConfigurationList;
			buildConfigurations = (
				4BFF40EC22262C7900D8F203 /* Debug */,
				4BFF40ED22262C7900D8F203 /* Release */,
			);
			defaultConfigurationIsVisible = 0;
			defaultConfigurationName = Release;
		};
		4BFF40EE22262C7900D8F203 /* Build configuration list for PBXNativeTarget "RealmDemoTests" */ = {
			isa = XCConfigurationList;
			buildConfigurations = (
				4BFF40EF22262C7900D8F203 /* Debug */,
				4BFF40F022262C7900D8F203 /* Release */,
			);
			defaultConfigurationIsVisible = 0;
			defaultConfigurationName = Release;
		};
/* End XCConfigurationList section */
	};
	rootObject = 4BFF40C622262C7800D8F203 /* Project object */;
}
