// !$*UTF8*$!
{
	archiveVersion = 1;
	classes = {
	};
	objectVersion = 50;
	objects = {

/* Begin PBXBuildFile section */
		4B619FE02202938700A8F992 /* AppDelegate.swift in Sources */ = {isa = PBXBuildFile; fileRef = 4B619FDF2202938700A8F992 /* AppDelegate.swift */; };
		4B619FE22202938700A8F992 /* ViewController.swift in Sources */ = {isa = PBXBuildFile; fileRef = 4B619FE12202938700A8F992 /* ViewController.swift */; };
		4B619FE52202938700A8F992 /* Main.storyboard in Resources */ = {isa = PBXBuildFile; fileRef = 4B619FE32202938700A8F992 /* Main.storyboard */; };
		4B619FE72202938800A8F992 /* Assets.xcassets in Resources */ = {isa = PBXBuildFile; fileRef = 4B619FE62202938800A8F992 /* Assets.xcassets */; };
		4B619FEA2202938800A8F992 /* LaunchScreen.storyboard in Resources */ = {isa = PBXBuildFile; fileRef = 4B619FE82202938800A8F992 /* LaunchScreen.storyboard */; };
		4B61A000220293C100A8F992 /* Disemvowel.swift in Sources */ = {isa = PBXBuildFile; fileRef = 4B619FFF220293C100A8F992 /* Disemvowel.swift */; };
		4B61A001220293C100A8F992 /* Disemvowel.swift in Sources */ = {isa = PBXBuildFile; fileRef = 4B619FFF220293C100A8F992 /* Disemvowel.swift */; };
		4B61A0032203CA6900A8F992 /* DescendingOrder.swift in Sources */ = {isa = PBXBuildFile; fileRef = 4B61A0022203CA6900A8F992 /* DescendingOrder.swift */; };
		4B61A0042203CA6900A8F992 /* DescendingOrder.swift in Sources */ = {isa = PBXBuildFile; fileRef = 4B61A0022203CA6900A8F992 /* DescendingOrder.swift */; };
		4B61A0082203CB8B00A8F992 /* DescendingOrderTests.swift in Sources */ = {isa = PBXBuildFile; fileRef = 4B61A0072203CB8B00A8F992 /* DescendingOrderTests.swift */; };
		4B61A00C2203CCCC00A8F992 /* CodeWarTests.swift in Sources */ = {isa = PBXBuildFile; fileRef = 4B61A00B2203CCCC00A8F992 /* CodeWarTests.swift */; };
		4BD4FBC6220B9BFA0034A59D /* MovesInSquaredStrings.swift in Sources */ = {isa = PBXBuildFile; fileRef = 4BD4FBC5220B9BFA0034A59D /* MovesInSquaredStrings.swift */; };
		4BD4FBC8220B9C1D0034A59D /* MovesInSquaredStringsTests.swift in Sources */ = {isa = PBXBuildFile; fileRef = 4BD4FBC7220B9C1D0034A59D /* MovesInSquaredStringsTests.swift */; };
		4BD4FBCA220BE2060034A59D /* SumOfPositive.swift in Sources */ = {isa = PBXBuildFile; fileRef = 4BD4FBC9220BE2060034A59D /* SumOfPositive.swift */; };
		4BD4FBCC220BE2410034A59D /* SumOfPositiveTests.swift in Sources */ = {isa = PBXBuildFile; fileRef = 4BD4FBCB220BE2410034A59D /* SumOfPositiveTests.swift */; };
		4BD4FBCE220BEE140034A59D /* StringRepeat.swift in Sources */ = {isa = PBXBuildFile; fileRef = 4BD4FBCD220BEE140034A59D /* StringRepeat.swift */; };
		4BD4FBD0220BEE8A0034A59D /* StringRepeatTests.swift in Sources */ = {isa = PBXBuildFile; fileRef = 4BD4FBCF220BEE8A0034A59D /* StringRepeatTests.swift */; };
		4BD4FBD2220D02C70034A59D /* SwitchItUp.swift in Sources */ = {isa = PBXBuildFile; fileRef = 4BD4FBD1220D02C70034A59D /* SwitchItUp.swift */; };
		4BD4FBD4220D030B0034A59D /* SwitchItUpTests.swift in Sources */ = {isa = PBXBuildFile; fileRef = 4BD4FBD3220D030B0034A59D /* SwitchItUpTests.swift */; };
		4BD4FBD6220D078A0034A59D /* StringyStrings.swift in Sources */ = {isa = PBXBuildFile; fileRef = 4BD4FBD5220D078A0034A59D /* StringyStrings.swift */; };
		4BD4FBD8220D07A80034A59D /* StringyStringsTests.swift in Sources */ = {isa = PBXBuildFile; fileRef = 4BD4FBD7220D07A80034A59D /* StringyStringsTests.swift */; };
		4BD4FBDA220D0D9A0034A59D /* ConvertNumberToReversedArrayOfDigits.swift in Sources */ = {isa = PBXBuildFile; fileRef = 4BD4FBD9220D0D9A0034A59D /* ConvertNumberToReversedArrayOfDigits.swift */; };
		4BD4FBDC220D0DC80034A59D /* ConvertNumberToReversedArrayOfDigitsTests.swift in Sources */ = {isa = PBXBuildFile; fileRef = 4BD4FBDB220D0DC80034A59D /* ConvertNumberToReversedArrayOfDigitsTests.swift */; };
		4BD4FBDE220D13FA0034A59D /* CalculateBMI.swift in Sources */ = {isa = PBXBuildFile; fileRef = 4BD4FBDD220D13FA0034A59D /* CalculateBMI.swift */; };
		4BD4FBE0220D14E10034A59D /* CalculateBMITests.swift in Sources */ = {isa = PBXBuildFile; fileRef = 4BD4FBDF220D14E10034A59D /* CalculateBMITests.swift */; };
		4BD4FBE2220D1F740034A59D /* DollarsAndCents.swift in Sources */ = {isa = PBXBuildFile; fileRef = 4BD4FBE1220D1F740034A59D /* DollarsAndCents.swift */; };
		4BD4FBE4220D1F9D0034A59D /* DollarsAndCentsTests.swift in Sources */ = {isa = PBXBuildFile; fileRef = 4BD4FBE3220D1F9D0034A59D /* DollarsAndCentsTests.swift */; };
		4BD4FBE6220D29DD0034A59D /* SquareOrSquareRoot.swift in Sources */ = {isa = PBXBuildFile; fileRef = 4BD4FBE5220D29DD0034A59D /* SquareOrSquareRoot.swift */; };
		4BD4FBE8220D2A170034A59D /* SquareOrSquareRootTests.swift in Sources */ = {isa = PBXBuildFile; fileRef = 4BD4FBE7220D2A170034A59D /* SquareOrSquareRootTests.swift */; };
		4BD4FBEA220E92D40034A59D /* Mumbling.swift in Sources */ = {isa = PBXBuildFile; fileRef = 4BD4FBE9220E92D40034A59D /* Mumbling.swift */; };
		4BD4FBEC220E93820034A59D /* MumblingTests.swift in Sources */ = {isa = PBXBuildFile; fileRef = 4BD4FBEB220E93820034A59D /* MumblingTests.swift */; };
		4BD4FBEE221117BC0034A59D /* LinkedLists.swift in Sources */ = {isa = PBXBuildFile; fileRef = 4BD4FBED221117BC0034A59D /* LinkedLists.swift */; };
		4BD4FBF02213B9A10034A59D /* DryingPotatoes.swift in Sources */ = {isa = PBXBuildFile; fileRef = 4BD4FBEF2213B9A00034A59D /* DryingPotatoes.swift */; };
		4BD4FBF22213BA250034A59D /* DryingPotatoesTests.swift in Sources */ = {isa = PBXBuildFile; fileRef = 4BD4FBF12213BA250034A59D /* DryingPotatoesTests.swift */; };
		4BD4FBF4221410F80034A59D /* ResistorColorCodes.swift in Sources */ = {isa = PBXBuildFile; fileRef = 4BD4FBF3221410F80034A59D /* ResistorColorCodes.swift */; };
		4BD4FBF6221411100034A59D /* ResistorColorCodesTests.swift in Sources */ = {isa = PBXBuildFile; fileRef = 4BD4FBF5221411100034A59D /* ResistorColorCodesTests.swift */; };
		4BD4FBFC22160E8D0034A59D /* CountingInTheAmazon.swift in Sources */ = {isa = PBXBuildFile; fileRef = 4BD4FBFB22160E8D0034A59D /* CountingInTheAmazon.swift */; };
		4BD4FBFE22160FC80034A59D /* CountingInTheAmazonTests.swift in Sources */ = {isa = PBXBuildFile; fileRef = 4BD4FBFD22160FC80034A59D /* CountingInTheAmazonTests.swift */; };
		4BD4FC09221CDCE70034A59D /* ToLeetSpeak.swift in Sources */ = {isa = PBXBuildFile; fileRef = 4BD4FC08221CDCE70034A59D /* ToLeetSpeak.swift */; };
		4BD4FC0B221CDD2D0034A59D /* ToLeetSpeakTests.swift in Sources */ = {isa = PBXBuildFile; fileRef = 4BD4FC0A221CDD2D0034A59D /* ToLeetSpeakTests.swift */; };
		4BD4FC0D221CE3210034A59D /* SumOfIntegersInString.swift in Sources */ = {isa = PBXBuildFile; fileRef = 4BD4FC0C221CE3210034A59D /* SumOfIntegersInString.swift */; };
		4BD4FC0F221CE71F0034A59D /* SumOfIntegersInStringTests.swift in Sources */ = {isa = PBXBuildFile; fileRef = 4BD4FC0E221CE71F0034A59D /* SumOfIntegersInStringTests.swift */; };
		4BD4FC4522234BF80034A59D /* FindTheNthDigitOfANumber.swift in Sources */ = {isa = PBXBuildFile; fileRef = 4BD4FC4422234BF80034A59D /* FindTheNthDigitOfANumber.swift */; };
		4BD4FC4722234C310034A59D /* FindTheNthDigitOfANumberTests.swift in Sources */ = {isa = PBXBuildFile; fileRef = 4BD4FC4622234C310034A59D /* FindTheNthDigitOfANumberTests.swift */; };
		4BD4FC4922247DB90034A59D /* CorrectTheTimeString.swift in Sources */ = {isa = PBXBuildFile; fileRef = 4BD4FC4822247DB90034A59D /* CorrectTheTimeString.swift */; };
		4BD4FC4B22247DFE0034A59D /* CorrectThetimeStringTests.swift in Sources */ = {isa = PBXBuildFile; fileRef = 4BD4FC4A22247DFE0034A59D /* CorrectThetimeStringTests.swift */; };
		4BFF406A2225E9E600D8F203 /* NumberOfDecimalDigits.swift in Sources */ = {isa = PBXBuildFile; fileRef = 4BFF40692225E9E600D8F203 /* NumberOfDecimalDigits.swift */; };
		4BFF406C2225EA1200D8F203 /* NumberOfDecimalDigitsTests.swift in Sources */ = {isa = PBXBuildFile; fileRef = 4BFF406B2225EA1200D8F203 /* NumberOfDecimalDigitsTests.swift */; };
/* End PBXBuildFile section */

/* Begin PBXContainerItemProxy section */
		4B619FF12202938800A8F992 /* PBXContainerItemProxy */ = {
			isa = PBXContainerItemProxy;
			containerPortal = 4B619FD42202938700A8F992 /* Project object */;
			proxyType = 1;
			remoteGlobalIDString = 4B619FDB2202938700A8F992;
			remoteInfo = CodeWar;
		};
/* End PBXContainerItemProxy section */

/* Begin PBXFileReference section */
		4B619FDC2202938700A8F992 /* CodeWar.app */ = {isa = PBXFileReference; explicitFileType = wrapper.application; includeInIndex = 0; path = CodeWar.app; sourceTree = BUILT_PRODUCTS_DIR; };
		4B619FDF2202938700A8F992 /* AppDelegate.swift */ = {isa = PBXFileReference; lastKnownFileType = sourcecode.swift; path = AppDelegate.swift; sourceTree = "<group>"; };
		4B619FE12202938700A8F992 /* ViewController.swift */ = {isa = PBXFileReference; lastKnownFileType = sourcecode.swift; path = ViewController.swift; sourceTree = "<group>"; };
		4B619FE42202938700A8F992 /* Base */ = {isa = PBXFileReference; lastKnownFileType = file.storyboard; name = Base; path = Base.lproj/Main.storyboard; sourceTree = "<group>"; };
		4B619FE62202938800A8F992 /* Assets.xcassets */ = {isa = PBXFileReference; lastKnownFileType = folder.assetcatalog; path = Assets.xcassets; sourceTree = "<group>"; };
		4B619FE92202938800A8F992 /* Base */ = {isa = PBXFileReference; lastKnownFileType = file.storyboard; name = Base; path = Base.lproj/LaunchScreen.storyboard; sourceTree = "<group>"; };
		4B619FEB2202938800A8F992 /* Info.plist */ = {isa = PBXFileReference; lastKnownFileType = text.plist.xml; path = Info.plist; sourceTree = "<group>"; };
		4B619FF02202938800A8F992 /* CodeWarTests.xctest */ = {isa = PBXFileReference; explicitFileType = wrapper.cfbundle; includeInIndex = 0; path = CodeWarTests.xctest; sourceTree = BUILT_PRODUCTS_DIR; };
		4B619FF62202938800A8F992 /* Info.plist */ = {isa = PBXFileReference; lastKnownFileType = text.plist.xml; path = Info.plist; sourceTree = "<group>"; };
		4B619FFF220293C100A8F992 /* Disemvowel.swift */ = {isa = PBXFileReference; lastKnownFileType = sourcecode.swift; path = Disemvowel.swift; sourceTree = "<group>"; };
		4B61A0022203CA6900A8F992 /* DescendingOrder.swift */ = {isa = PBXFileReference; lastKnownFileType = sourcecode.swift; path = DescendingOrder.swift; sourceTree = "<group>"; };
		4B61A0072203CB8B00A8F992 /* DescendingOrderTests.swift */ = {isa = PBXFileReference; lastKnownFileType = sourcecode.swift; path = DescendingOrderTests.swift; sourceTree = "<group>"; };
		4B61A00B2203CCCC00A8F992 /* CodeWarTests.swift */ = {isa = PBXFileReference; fileEncoding = 4; lastKnownFileType = sourcecode.swift; path = CodeWarTests.swift; sourceTree = "<group>"; };
		4BD4FBC5220B9BFA0034A59D /* MovesInSquaredStrings.swift */ = {isa = PBXFileReference; lastKnownFileType = sourcecode.swift; path = MovesInSquaredStrings.swift; sourceTree = "<group>"; };
		4BD4FBC7220B9C1D0034A59D /* MovesInSquaredStringsTests.swift */ = {isa = PBXFileReference; lastKnownFileType = sourcecode.swift; path = MovesInSquaredStringsTests.swift; sourceTree = "<group>"; };
		4BD4FBC9220BE2060034A59D /* SumOfPositive.swift */ = {isa = PBXFileReference; lastKnownFileType = sourcecode.swift; path = SumOfPositive.swift; sourceTree = "<group>"; };
		4BD4FBCB220BE2410034A59D /* SumOfPositiveTests.swift */ = {isa = PBXFileReference; lastKnownFileType = sourcecode.swift; path = SumOfPositiveTests.swift; sourceTree = "<group>"; };
		4BD4FBCD220BEE140034A59D /* StringRepeat.swift */ = {isa = PBXFileReference; lastKnownFileType = sourcecode.swift; path = StringRepeat.swift; sourceTree = "<group>"; };
		4BD4FBCF220BEE8A0034A59D /* StringRepeatTests.swift */ = {isa = PBXFileReference; lastKnownFileType = sourcecode.swift; path = StringRepeatTests.swift; sourceTree = "<group>"; };
		4BD4FBD1220D02C70034A59D /* SwitchItUp.swift */ = {isa = PBXFileReference; lastKnownFileType = sourcecode.swift; path = SwitchItUp.swift; sourceTree = "<group>"; };
		4BD4FBD3220D030B0034A59D /* SwitchItUpTests.swift */ = {isa = PBXFileReference; lastKnownFileType = sourcecode.swift; path = SwitchItUpTests.swift; sourceTree = "<group>"; };
		4BD4FBD5220D078A0034A59D /* StringyStrings.swift */ = {isa = PBXFileReference; lastKnownFileType = sourcecode.swift; path = StringyStrings.swift; sourceTree = "<group>"; };
		4BD4FBD7220D07A80034A59D /* StringyStringsTests.swift */ = {isa = PBXFileReference; lastKnownFileType = sourcecode.swift; path = StringyStringsTests.swift; sourceTree = "<group>"; };
		4BD4FBD9220D0D9A0034A59D /* ConvertNumberToReversedArrayOfDigits.swift */ = {isa = PBXFileReference; lastKnownFileType = sourcecode.swift; path = ConvertNumberToReversedArrayOfDigits.swift; sourceTree = "<group>"; };
		4BD4FBDB220D0DC80034A59D /* ConvertNumberToReversedArrayOfDigitsTests.swift */ = {isa = PBXFileReference; lastKnownFileType = sourcecode.swift; path = ConvertNumberToReversedArrayOfDigitsTests.swift; sourceTree = "<group>"; };
		4BD4FBDD220D13FA0034A59D /* CalculateBMI.swift */ = {isa = PBXFileReference; lastKnownFileType = sourcecode.swift; path = CalculateBMI.swift; sourceTree = "<group>"; };
		4BD4FBDF220D14E10034A59D /* CalculateBMITests.swift */ = {isa = PBXFileReference; lastKnownFileType = sourcecode.swift; path = CalculateBMITests.swift; sourceTree = "<group>"; };
		4BD4FBE1220D1F740034A59D /* DollarsAndCents.swift */ = {isa = PBXFileReference; lastKnownFileType = sourcecode.swift; path = DollarsAndCents.swift; sourceTree = "<group>"; };
		4BD4FBE3220D1F9D0034A59D /* DollarsAndCentsTests.swift */ = {isa = PBXFileReference; lastKnownFileType = sourcecode.swift; path = DollarsAndCentsTests.swift; sourceTree = "<group>"; };
		4BD4FBE5220D29DD0034A59D /* SquareOrSquareRoot.swift */ = {isa = PBXFileReference; lastKnownFileType = sourcecode.swift; path = SquareOrSquareRoot.swift; sourceTree = "<group>"; };
		4BD4FBE7220D2A170034A59D /* SquareOrSquareRootTests.swift */ = {isa = PBXFileReference; lastKnownFileType = sourcecode.swift; path = SquareOrSquareRootTests.swift; sourceTree = "<group>"; };
		4BD4FBE9220E92D40034A59D /* Mumbling.swift */ = {isa = PBXFileReference; lastKnownFileType = sourcecode.swift; path = Mumbling.swift; sourceTree = "<group>"; };
		4BD4FBEB220E93820034A59D /* MumblingTests.swift */ = {isa = PBXFileReference; lastKnownFileType = sourcecode.swift; path = MumblingTests.swift; sourceTree = "<group>"; };
		4BD4FBED221117BC0034A59D /* LinkedLists.swift */ = {isa = PBXFileReference; lastKnownFileType = sourcecode.swift; path = LinkedLists.swift; sourceTree = "<group>"; };
		4BD4FBEF2213B9A00034A59D /* DryingPotatoes.swift */ = {isa = PBXFileReference; lastKnownFileType = sourcecode.swift; path = DryingPotatoes.swift; sourceTree = "<group>"; };
		4BD4FBF12213BA250034A59D /* DryingPotatoesTests.swift */ = {isa = PBXFileReference; lastKnownFileType = sourcecode.swift; path = DryingPotatoesTests.swift; sourceTree = "<group>"; };
		4BD4FBF3221410F80034A59D /* ResistorColorCodes.swift */ = {isa = PBXFileReference; lastKnownFileType = sourcecode.swift; path = ResistorColorCodes.swift; sourceTree = "<group>"; };
		4BD4FBF5221411100034A59D /* ResistorColorCodesTests.swift */ = {isa = PBXFileReference; lastKnownFileType = sourcecode.swift; path = ResistorColorCodesTests.swift; sourceTree = "<group>"; };
		4BD4FBFB22160E8D0034A59D /* CountingInTheAmazon.swift */ = {isa = PBXFileReference; lastKnownFileType = sourcecode.swift; path = CountingInTheAmazon.swift; sourceTree = "<group>"; };
		4BD4FBFD22160FC80034A59D /* CountingInTheAmazonTests.swift */ = {isa = PBXFileReference; lastKnownFileType = sourcecode.swift; path = CountingInTheAmazonTests.swift; sourceTree = "<group>"; };
		4BD4FC08221CDCE70034A59D /* ToLeetSpeak.swift */ = {isa = PBXFileReference; lastKnownFileType = sourcecode.swift; path = ToLeetSpeak.swift; sourceTree = "<group>"; };
		4BD4FC0A221CDD2D0034A59D /* ToLeetSpeakTests.swift */ = {isa = PBXFileReference; lastKnownFileType = sourcecode.swift; path = ToLeetSpeakTests.swift; sourceTree = "<group>"; };
		4BD4FC0C221CE3210034A59D /* SumOfIntegersInString.swift */ = {isa = PBXFileReference; lastKnownFileType = sourcecode.swift; path = SumOfIntegersInString.swift; sourceTree = "<group>"; };
		4BD4FC0E221CE71F0034A59D /* SumOfIntegersInStringTests.swift */ = {isa = PBXFileReference; lastKnownFileType = sourcecode.swift; path = SumOfIntegersInStringTests.swift; sourceTree = "<group>"; };
		4BD4FC4422234BF80034A59D /* FindTheNthDigitOfANumber.swift */ = {isa = PBXFileReference; lastKnownFileType = sourcecode.swift; path = FindTheNthDigitOfANumber.swift; sourceTree = "<group>"; };
		4BD4FC4622234C310034A59D /* FindTheNthDigitOfANumberTests.swift */ = {isa = PBXFileReference; lastKnownFileType = sourcecode.swift; path = FindTheNthDigitOfANumberTests.swift; sourceTree = "<group>"; };
		4BD4FC4822247DB90034A59D /* CorrectTheTimeString.swift */ = {isa = PBXFileReference; lastKnownFileType = sourcecode.swift; path = CorrectTheTimeString.swift; sourceTree = "<group>"; };
		4BD4FC4A22247DFE0034A59D /* CorrectThetimeStringTests.swift */ = {isa = PBXFileReference; lastKnownFileType = sourcecode.swift; path = CorrectThetimeStringTests.swift; sourceTree = "<group>"; };
		4BFF40692225E9E600D8F203 /* NumberOfDecimalDigits.swift */ = {isa = PBXFileReference; lastKnownFileType = sourcecode.swift; path = NumberOfDecimalDigits.swift; sourceTree = "<group>"; };
		4BFF406B2225EA1200D8F203 /* NumberOfDecimalDigitsTests.swift */ = {isa = PBXFileReference; lastKnownFileType = sourcecode.swift; path = NumberOfDecimalDigitsTests.swift; sourceTree = "<group>"; };
/* End PBXFileReference section */

/* Begin PBXFrameworksBuildPhase section */
		4B619FD92202938700A8F992 /* Frameworks */ = {
			isa = PBXFrameworksBuildPhase;
			buildActionMask = 2147483647;
			files = (
			);
			runOnlyForDeploymentPostprocessing = 0;
		};
		4B619FED2202938800A8F992 /* Frameworks */ = {
			isa = PBXFrameworksBuildPhase;
			buildActionMask = 2147483647;
			files = (
			);
			runOnlyForDeploymentPostprocessing = 0;
		};
/* End PBXFrameworksBuildPhase section */

/* Begin PBXGroup section */
		4B619FD32202938700A8F992 = {
			isa = PBXGroup;
			children = (
				4B619FDE2202938700A8F992 /* CodeWar */,
				4B619FF32202938800A8F992 /* CodeWarTests */,
				4B619FDD2202938700A8F992 /* Products */,
			);
			sourceTree = "<group>";
		};
		4B619FDD2202938700A8F992 /* Products */ = {
			isa = PBXGroup;
			children = (
				4B619FDC2202938700A8F992 /* CodeWar.app */,
				4B619FF02202938800A8F992 /* CodeWarTests.xctest */,
			);
			name = Products;
			sourceTree = "<group>";
		};
		4B619FDE2202938700A8F992 /* CodeWar */ = {
			isa = PBXGroup;
			children = (
				4B619FDF2202938700A8F992 /* AppDelegate.swift */,
				4B61A0022203CA6900A8F992 /* DescendingOrder.swift */,
				4BD4FBD9220D0D9A0034A59D /* ConvertNumberToReversedArrayOfDigits.swift */,
				4BD4FBDD220D13FA0034A59D /* CalculateBMI.swift */,
				4B619FFF220293C100A8F992 /* Disemvowel.swift */,
				4BD4FBE1220D1F740034A59D /* DollarsAndCents.swift */,
				4BD4FBE5220D29DD0034A59D /* SquareOrSquareRoot.swift */,
				4BD4FBE9220E92D40034A59D /* Mumbling.swift */,
				4BD4FBC5220B9BFA0034A59D /* MovesInSquaredStrings.swift */,
				4BD4FC4422234BF80034A59D /* FindTheNthDigitOfANumber.swift */,
				4BFF40692225E9E600D8F203 /* NumberOfDecimalDigits.swift */,
				4BD4FBF3221410F80034A59D /* ResistorColorCodes.swift */,
				4BD4FC08221CDCE70034A59D /* ToLeetSpeak.swift */,
				4BD4FC0C221CE3210034A59D /* SumOfIntegersInString.swift */,
				4BD4FBFB22160E8D0034A59D /* CountingInTheAmazon.swift */,
				4BD4FBC9220BE2060034A59D /* SumOfPositive.swift */,
				4BD4FBED221117BC0034A59D /* LinkedLists.swift */,
				4BD4FBCD220BEE140034A59D /* StringRepeat.swift */,
				4BD4FC4822247DB90034A59D /* CorrectTheTimeString.swift */,
				4BD4FBEF2213B9A00034A59D /* DryingPotatoes.swift */,
				4BD4FBD1220D02C70034A59D /* SwitchItUp.swift */,
				4BD4FBD5220D078A0034A59D /* StringyStrings.swift */,
				4B619FE12202938700A8F992 /* ViewController.swift */,
				4B619FE32202938700A8F992 /* Main.storyboard */,
				4B619FE62202938800A8F992 /* Assets.xcassets */,
				4B619FE82202938800A8F992 /* LaunchScreen.storyboard */,
				4B619FEB2202938800A8F992 /* Info.plist */,
			);
			path = CodeWar;
			sourceTree = "<group>";
		};
		4B619FF32202938800A8F992 /* CodeWarTests */ = {
			isa = PBXGroup;
			children = (
				4B61A00B2203CCCC00A8F992 /* CodeWarTests.swift */,
				4B61A0072203CB8B00A8F992 /* DescendingOrderTests.swift */,
				4BD4FC4A22247DFE0034A59D /* CorrectThetimeStringTests.swift */,
				4BD4FC4622234C310034A59D /* FindTheNthDigitOfANumberTests.swift */,
				4BFF406B2225EA1200D8F203 /* NumberOfDecimalDigitsTests.swift */,
				4BD4FBF5221411100034A59D /* ResistorColorCodesTests.swift */,
				4BD4FBC7220B9C1D0034A59D /* MovesInSquaredStringsTests.swift */,
				4BD4FC0E221CE71F0034A59D /* SumOfIntegersInStringTests.swift */,
				4BD4FC0A221CDD2D0034A59D /* ToLeetSpeakTests.swift */,
				4BD4FBDF220D14E10034A59D /* CalculateBMITests.swift */,
				4BD4FBE7220D2A170034A59D /* SquareOrSquareRootTests.swift */,
				4BD4FBCB220BE2410034A59D /* SumOfPositiveTests.swift */,
				4BD4FBE3220D1F9D0034A59D /* DollarsAndCentsTests.swift */,
				4BD4FBEB220E93820034A59D /* MumblingTests.swift */,
				4BD4FBFD22160FC80034A59D /* CountingInTheAmazonTests.swift */,
				4BD4FBDB220D0DC80034A59D /* ConvertNumberToReversedArrayOfDigitsTests.swift */,
				4BD4FBCF220BEE8A0034A59D /* StringRepeatTests.swift */,
				4BD4FBF12213BA250034A59D /* DryingPotatoesTests.swift */,
				4BD4FBD7220D07A80034A59D /* StringyStringsTests.swift */,
				4BD4FBD3220D030B0034A59D /* SwitchItUpTests.swift */,
				4B619FF62202938800A8F992 /* Info.plist */,
			);
			path = CodeWarTests;
			sourceTree = "<group>";
		};
/* End PBXGroup section */

/* Begin PBXNativeTarget section */
		4B619FDB2202938700A8F992 /* CodeWar */ = {
			isa = PBXNativeTarget;
			buildConfigurationList = 4B619FF92202938800A8F992 /* Build configuration list for PBXNativeTarget "CodeWar" */;
			buildPhases = (
				4B619FD82202938700A8F992 /* Sources */,
				4B619FD92202938700A8F992 /* Frameworks */,
				4B619FDA2202938700A8F992 /* Resources */,
			);
			buildRules = (
			);
			dependencies = (
			);
			name = CodeWar;
			productName = CodeWar;
			productReference = 4B619FDC2202938700A8F992 /* CodeWar.app */;
			productType = "com.apple.product-type.application";
		};
		4B619FEF2202938800A8F992 /* CodeWarTests */ = {
			isa = PBXNativeTarget;
			buildConfigurationList = 4B619FFC2202938800A8F992 /* Build configuration list for PBXNativeTarget "CodeWarTests" */;
			buildPhases = (
				4B619FEC2202938800A8F992 /* Sources */,
				4B619FED2202938800A8F992 /* Frameworks */,
				4B619FEE2202938800A8F992 /* Resources */,
			);
			buildRules = (
			);
			dependencies = (
				4B619FF22202938800A8F992 /* PBXTargetDependency */,
			);
			name = CodeWarTests;
			productName = CodeWarTests;
			productReference = 4B619FF02202938800A8F992 /* CodeWarTests.xctest */;
			productType = "com.apple.product-type.bundle.unit-test";
		};
/* End PBXNativeTarget section */

/* Begin PBXProject section */
		4B619FD42202938700A8F992 /* Project object */ = {
			isa = PBXProject;
			attributes = {
				LastSwiftUpdateCheck = 1010;
				LastUpgradeCheck = 1010;
				ORGANIZATIONNAME = "Rebecca Zhang";
				TargetAttributes = {
					4B619FDB2202938700A8F992 = {
						CreatedOnToolsVersion = 10.1;
					};
					4B619FEF2202938800A8F992 = {
						CreatedOnToolsVersion = 10.1;
						TestTargetID = 4B619FDB2202938700A8F992;
					};
				};
			};
			buildConfigurationList = 4B619FD72202938700A8F992 /* Build configuration list for PBXProject "CodeWar" */;
			compatibilityVersion = "Xcode 9.3";
			developmentRegion = en;
			hasScannedForEncodings = 0;
			knownRegions = (
				en,
				Base,
			);
			mainGroup = 4B619FD32202938700A8F992;
			productRefGroup = 4B619FDD2202938700A8F992 /* Products */;
			projectDirPath = "";
			projectRoot = "";
			targets = (
				4B619FDB2202938700A8F992 /* CodeWar */,
				4B619FEF2202938800A8F992 /* CodeWarTests */,
			);
		};
/* End PBXProject section */

/* Begin PBXResourcesBuildPhase section */
		4B619FDA2202938700A8F992 /* Resources */ = {
			isa = PBXResourcesBuildPhase;
			buildActionMask = 2147483647;
			files = (
				4B619FEA2202938800A8F992 /* LaunchScreen.storyboard in Resources */,
				4B619FE72202938800A8F992 /* Assets.xcassets in Resources */,
				4B619FE52202938700A8F992 /* Main.storyboard in Resources */,
			);
			runOnlyForDeploymentPostprocessing = 0;
		};
		4B619FEE2202938800A8F992 /* Resources */ = {
			isa = PBXResourcesBuildPhase;
			buildActionMask = 2147483647;
			files = (
			);
			runOnlyForDeploymentPostprocessing = 0;
		};
/* End PBXResourcesBuildPhase section */

/* Begin PBXSourcesBuildPhase section */
		4B619FD82202938700A8F992 /* Sources */ = {
			isa = PBXSourcesBuildPhase;
			buildActionMask = 2147483647;
			files = (
				4BD4FC4922247DB90034A59D /* CorrectTheTimeString.swift in Sources */,
				4BD4FBEA220E92D40034A59D /* Mumbling.swift in Sources */,
				4BD4FBDA220D0D9A0034A59D /* ConvertNumberToReversedArrayOfDigits.swift in Sources */,
				4B61A0032203CA6900A8F992 /* DescendingOrder.swift in Sources */,
				4BD4FBEE221117BC0034A59D /* LinkedLists.swift in Sources */,
				4BD4FBC6220B9BFA0034A59D /* MovesInSquaredStrings.swift in Sources */,
				4BD4FBFC22160E8D0034A59D /* CountingInTheAmazon.swift in Sources */,
				4B619FE22202938700A8F992 /* ViewController.swift in Sources */,
				4BD4FBD6220D078A0034A59D /* StringyStrings.swift in Sources */,
				4BD4FBE2220D1F740034A59D /* DollarsAndCents.swift in Sources */,
				4BD4FBCA220BE2060034A59D /* SumOfPositive.swift in Sources */,
				4B61A000220293C100A8F992 /* Disemvowel.swift in Sources */,
				4BD4FC0D221CE3210034A59D /* SumOfIntegersInString.swift in Sources */,
				4BFF406A2225E9E600D8F203 /* NumberOfDecimalDigits.swift in Sources */,
				4BD4FBDE220D13FA0034A59D /* CalculateBMI.swift in Sources */,
				4BD4FBF4221410F80034A59D /* ResistorColorCodes.swift in Sources */,
				4BD4FBF02213B9A10034A59D /* DryingPotatoes.swift in Sources */,
				4BD4FC4522234BF80034A59D /* FindTheNthDigitOfANumber.swift in Sources */,
				4BD4FC09221CDCE70034A59D /* ToLeetSpeak.swift in Sources */,
				4B619FE02202938700A8F992 /* AppDelegate.swift in Sources */,
				4BD4FBCE220BEE140034A59D /* StringRepeat.swift in Sources */,
				4BD4FBE6220D29DD0034A59D /* SquareOrSquareRoot.swift in Sources */,
				4BD4FBD2220D02C70034A59D /* SwitchItUp.swift in Sources */,
			);
			runOnlyForDeploymentPostprocessing = 0;
		};
		4B619FEC2202938800A8F992 /* Sources */ = {
			isa = PBXSourcesBuildPhase;
			buildActionMask = 2147483647;
			files = (
				4BD4FC0F221CE71F0034A59D /* SumOfIntegersInStringTests.swift in Sources */,
				4BD4FBD0220BEE8A0034A59D /* StringRepeatTests.swift in Sources */,
				4BFF406C2225EA1200D8F203 /* NumberOfDecimalDigitsTests.swift in Sources */,
				4BD4FBE4220D1F9D0034A59D /* DollarsAndCentsTests.swift in Sources */,
				4B61A0082203CB8B00A8F992 /* DescendingOrderTests.swift in Sources */,
				4BD4FC0B221CDD2D0034A59D /* ToLeetSpeakTests.swift in Sources */,
				4BD4FBF6221411100034A59D /* ResistorColorCodesTests.swift in Sources */,
				4BD4FBD8220D07A80034A59D /* StringyStringsTests.swift in Sources */,
				4BD4FBCC220BE2410034A59D /* SumOfPositiveTests.swift in Sources */,
				4B61A001220293C100A8F992 /* Disemvowel.swift in Sources */,
				4BD4FBC8220B9C1D0034A59D /* MovesInSquaredStringsTests.swift in Sources */,
				4BD4FBF22213BA250034A59D /* DryingPotatoesTests.swift in Sources */,
				4B61A00C2203CCCC00A8F992 /* CodeWarTests.swift in Sources */,
				4BD4FBFE22160FC80034A59D /* CountingInTheAmazonTests.swift in Sources */,
				4BD4FBE0220D14E10034A59D /* CalculateBMITests.swift in Sources */,
				4B61A0042203CA6900A8F992 /* DescendingOrder.swift in Sources */,
				4BD4FBE8220D2A170034A59D /* SquareOrSquareRootTests.swift in Sources */,
				4BD4FBDC220D0DC80034A59D /* ConvertNumberToReversedArrayOfDigitsTests.swift in Sources */,
				4BD4FC4722234C310034A59D /* FindTheNthDigitOfANumberTests.swift in Sources */,
				4BD4FBEC220E93820034A59D /* MumblingTests.swift in Sources */,
				4BD4FC4B22247DFE0034A59D /* CorrectThetimeStringTests.swift in Sources */,
				4BD4FBD4220D030B0034A59D /* SwitchItUpTests.swift in Sources */,
			);
			runOnlyForDeploymentPostprocessing = 0;
		};
/* End PBXSourcesBuildPhase section */

/* Begin PBXTargetDependency section */
		4B619FF22202938800A8F992 /* PBXTargetDependency */ = {
			isa = PBXTargetDependency;
			target = 4B619FDB2202938700A8F992 /* CodeWar */;
			targetProxy = 4B619FF12202938800A8F992 /* PBXContainerItemProxy */;
		};
/* End PBXTargetDependency section */

/* Begin PBXVariantGroup section */
		4B619FE32202938700A8F992 /* Main.storyboard */ = {
			isa = PBXVariantGroup;
			children = (
				4B619FE42202938700A8F992 /* Base */,
			);
			name = Main.storyboard;
			sourceTree = "<group>";
		};
		4B619FE82202938800A8F992 /* LaunchScreen.storyboard */ = {
			isa = PBXVariantGroup;
			children = (
				4B619FE92202938800A8F992 /* Base */,
			);
			name = LaunchScreen.storyboard;
			sourceTree = "<group>";
		};
/* End PBXVariantGroup section */

/* Begin XCBuildConfiguration section */
		4B619FF72202938800A8F992 /* Debug */ = {
			isa = XCBuildConfiguration;
			buildSettings = {
				ALWAYS_SEARCH_USER_PATHS = NO;
				CLANG_ANALYZER_NONNULL = YES;
				CLANG_ANALYZER_NUMBER_OBJECT_CONVERSION = YES_AGGRESSIVE;
				CLANG_CXX_LANGUAGE_STANDARD = "gnu++14";
				CLANG_CXX_LIBRARY = "libc++";
				CLANG_ENABLE_MODULES = YES;
				CLANG_ENABLE_OBJC_ARC = YES;
				CLANG_ENABLE_OBJC_WEAK = YES;
				CLANG_WARN_BLOCK_CAPTURE_AUTORELEASING = YES;
				CLANG_WARN_BOOL_CONVERSION = YES;
				CLANG_WARN_COMMA = YES;
				CLANG_WARN_CONSTANT_CONVERSION = YES;
				CLANG_WARN_DEPRECATED_OBJC_IMPLEMENTATIONS = YES;
				CLANG_WARN_DIRECT_OBJC_ISA_USAGE = YES_ERROR;
				CLANG_WARN_DOCUMENTATION_COMMENTS = YES;
				CLANG_WARN_EMPTY_BODY = YES;
				CLANG_WARN_ENUM_CONVERSION = YES;
				CLANG_WARN_INFINITE_RECURSION = YES;
				CLANG_WARN_INT_CONVERSION = YES;
				CLANG_WARN_NON_LITERAL_NULL_CONVERSION = YES;
				CLANG_WARN_OBJC_IMPLICIT_RETAIN_SELF = YES;
				CLANG_WARN_OBJC_LITERAL_CONVERSION = YES;
				CLANG_WARN_OBJC_ROOT_CLASS = YES_ERROR;
				CLANG_WARN_RANGE_LOOP_ANALYSIS = YES;
				CLANG_WARN_STRICT_PROTOTYPES = YES;
				CLANG_WARN_SUSPICIOUS_MOVE = YES;
				CLANG_WARN_UNGUARDED_AVAILABILITY = YES_AGGRESSIVE;
				CLANG_WARN_UNREACHABLE_CODE = YES;
				CLANG_WARN__DUPLICATE_METHOD_MATCH = YES;
				CODE_SIGN_IDENTITY = "iPhone Developer";
				COPY_PHASE_STRIP = NO;
				DEBUG_INFORMATION_FORMAT = dwarf;
				ENABLE_STRICT_OBJC_MSGSEND = YES;
				ENABLE_TESTABILITY = YES;
				GCC_C_LANGUAGE_STANDARD = gnu11;
				GCC_DYNAMIC_NO_PIC = NO;
				GCC_NO_COMMON_BLOCKS = YES;
				GCC_OPTIMIZATION_LEVEL = 0;
				GCC_PREPROCESSOR_DEFINITIONS = (
					"DEBUG=1",
					"$(inherited)",
				);
				GCC_WARN_64_TO_32_BIT_CONVERSION = YES;
				GCC_WARN_ABOUT_RETURN_TYPE = YES_ERROR;
				GCC_WARN_UNDECLARED_SELECTOR = YES;
				GCC_WARN_UNINITIALIZED_AUTOS = YES_AGGRESSIVE;
				GCC_WARN_UNUSED_FUNCTION = YES;
				GCC_WARN_UNUSED_VARIABLE = YES;
				IPHONEOS_DEPLOYMENT_TARGET = 12.1;
				MTL_ENABLE_DEBUG_INFO = INCLUDE_SOURCE;
				MTL_FAST_MATH = YES;
				ONLY_ACTIVE_ARCH = YES;
				SDKROOT = iphoneos;
				SWIFT_ACTIVE_COMPILATION_CONDITIONS = DEBUG;
				SWIFT_OPTIMIZATION_LEVEL = "-Onone";
			};
			name = Debug;
		};
		4B619FF82202938800A8F992 /* Release */ = {
			isa = XCBuildConfiguration;
			buildSettings = {
				ALWAYS_SEARCH_USER_PATHS = NO;
				CLANG_ANALYZER_NONNULL = YES;
				CLANG_ANALYZER_NUMBER_OBJECT_CONVERSION = YES_AGGRESSIVE;
				CLANG_CXX_LANGUAGE_STANDARD = "gnu++14";
				CLANG_CXX_LIBRARY = "libc++";
				CLANG_ENABLE_MODULES = YES;
				CLANG_ENABLE_OBJC_ARC = YES;
				CLANG_ENABLE_OBJC_WEAK = YES;
				CLANG_WARN_BLOCK_CAPTURE_AUTORELEASING = YES;
				CLANG_WARN_BOOL_CONVERSION = YES;
				CLANG_WARN_COMMA = YES;
				CLANG_WARN_CONSTANT_CONVERSION = YES;
				CLANG_WARN_DEPRECATED_OBJC_IMPLEMENTATIONS = YES;
				CLANG_WARN_DIRECT_OBJC_ISA_USAGE = YES_ERROR;
				CLANG_WARN_DOCUMENTATION_COMMENTS = YES;
				CLANG_WARN_EMPTY_BODY = YES;
				CLANG_WARN_ENUM_CONVERSION = YES;
				CLANG_WARN_INFINITE_RECURSION = YES;
				CLANG_WARN_INT_CONVERSION = YES;
				CLANG_WARN_NON_LITERAL_NULL_CONVERSION = YES;
				CLANG_WARN_OBJC_IMPLICIT_RETAIN_SELF = YES;
				CLANG_WARN_OBJC_LITERAL_CONVERSION = YES;
				CLANG_WARN_OBJC_ROOT_CLASS = YES_ERROR;
				CLANG_WARN_RANGE_LOOP_ANALYSIS = YES;
				CLANG_WARN_STRICT_PROTOTYPES = YES;
				CLANG_WARN_SUSPICIOUS_MOVE = YES;
				CLANG_WARN_UNGUARDED_AVAILABILITY = YES_AGGRESSIVE;
				CLANG_WARN_UNREACHABLE_CODE = YES;
				CLANG_WARN__DUPLICATE_METHOD_MATCH = YES;
				CODE_SIGN_IDENTITY = "iPhone Developer";
				COPY_PHASE_STRIP = NO;
				DEBUG_INFORMATION_FORMAT = "dwarf-with-dsym";
				ENABLE_NS_ASSERTIONS = NO;
				ENABLE_STRICT_OBJC_MSGSEND = YES;
				GCC_C_LANGUAGE_STANDARD = gnu11;
				GCC_NO_COMMON_BLOCKS = YES;
				GCC_WARN_64_TO_32_BIT_CONVERSION = YES;
				GCC_WARN_ABOUT_RETURN_TYPE = YES_ERROR;
				GCC_WARN_UNDECLARED_SELECTOR = YES;
				GCC_WARN_UNINITIALIZED_AUTOS = YES_AGGRESSIVE;
				GCC_WARN_UNUSED_FUNCTION = YES;
				GCC_WARN_UNUSED_VARIABLE = YES;
				IPHONEOS_DEPLOYMENT_TARGET = 12.1;
				MTL_ENABLE_DEBUG_INFO = NO;
				MTL_FAST_MATH = YES;
				SDKROOT = iphoneos;
				SWIFT_COMPILATION_MODE = wholemodule;
				SWIFT_OPTIMIZATION_LEVEL = "-O";
				VALIDATE_PRODUCT = YES;
			};
			name = Release;
		};
		4B619FFA2202938800A8F992 /* Debug */ = {
			isa = XCBuildConfiguration;
			buildSettings = {
				ASSETCATALOG_COMPILER_APPICON_NAME = AppIcon;
				CODE_SIGN_STYLE = Automatic;
				INFOPLIST_FILE = CodeWar/Info.plist;
				LD_RUNPATH_SEARCH_PATHS = (
					"$(inherited)",
					"@executable_path/Frameworks",
				);
				PRODUCT_BUNDLE_IDENTIFIER = Rebecca.CodeWar;
				PRODUCT_NAME = "$(TARGET_NAME)";
				SWIFT_VERSION = 4.2;
				TARGETED_DEVICE_FAMILY = "1,2";
			};
			name = Debug;
		};
		4B619FFB2202938800A8F992 /* Release */ = {
			isa = XCBuildConfiguration;
			buildSettings = {
				ASSETCATALOG_COMPILER_APPICON_NAME = AppIcon;
				CODE_SIGN_STYLE = Automatic;
				INFOPLIST_FILE = CodeWar/Info.plist;
				LD_RUNPATH_SEARCH_PATHS = (
					"$(inherited)",
					"@executable_path/Frameworks",
				);
				PRODUCT_BUNDLE_IDENTIFIER = Rebecca.CodeWar;
				PRODUCT_NAME = "$(TARGET_NAME)";
				SWIFT_VERSION = 4.2;
				TARGETED_DEVICE_FAMILY = "1,2";
			};
			name = Release;
		};
		4B619FFD2202938800A8F992 /* Debug */ = {
			isa = XCBuildConfiguration;
			buildSettings = {
				ALWAYS_EMBED_SWIFT_STANDARD_LIBRARIES = YES;
				BUNDLE_LOADER = "$(TEST_HOST)";
				CODE_SIGN_STYLE = Automatic;
				INFOPLIST_FILE = CodeWarTests/Info.plist;
				LD_RUNPATH_SEARCH_PATHS = (
					"$(inherited)",
					"@executable_path/Frameworks",
					"@loader_path/Frameworks",
				);
				PRODUCT_BUNDLE_IDENTIFIER = Rebecca.CodeWarTests;
				PRODUCT_NAME = "$(TARGET_NAME)";
				SWIFT_VERSION = 4.2;
				TARGETED_DEVICE_FAMILY = "1,2";
				TEST_HOST = "$(BUILT_PRODUCTS_DIR)/CodeWar.app/CodeWar";
			};
			name = Debug;
		};
		4B619FFE2202938800A8F992 /* Release */ = {
			isa = XCBuildConfiguration;
			buildSettings = {
				ALWAYS_EMBED_SWIFT_STANDARD_LIBRARIES = YES;
				BUNDLE_LOADER = "$(TEST_HOST)";
				CODE_SIGN_STYLE = Automatic;
				INFOPLIST_FILE = CodeWarTests/Info.plist;
				LD_RUNPATH_SEARCH_PATHS = (
					"$(inherited)",
					"@executable_path/Frameworks",
					"@loader_path/Frameworks",
				);
				PRODUCT_BUNDLE_IDENTIFIER = Rebecca.CodeWarTests;
				PRODUCT_NAME = "$(TARGET_NAME)";
				SWIFT_VERSION = 4.2;
				TARGETED_DEVICE_FAMILY = "1,2";
				TEST_HOST = "$(BUILT_PRODUCTS_DIR)/CodeWar.app/CodeWar";
			};
			name = Release;
		};
/* End XCBuildConfiguration section */

/* Begin XCConfigurationList section */
		4B619FD72202938700A8F992 /* Build configuration list for PBXProject "CodeWar" */ = {
			isa = XCConfigurationList;
			buildConfigurations = (
				4B619FF72202938800A8F992 /* Debug */,
				4B619FF82202938800A8F992 /* Release */,
			);
			defaultConfigurationIsVisible = 0;
			defaultConfigurationName = Release;
		};
		4B619FF92202938800A8F992 /* Build configuration list for PBXNativeTarget "CodeWar" */ = {
			isa = XCConfigurationList;
			buildConfigurations = (
				4B619FFA2202938800A8F992 /* Debug */,
				4B619FFB2202938800A8F992 /* Release */,
			);
			defaultConfigurationIsVisible = 0;
			defaultConfigurationName = Release;
		};
		4B619FFC2202938800A8F992 /* Build configuration list for PBXNativeTarget "CodeWarTests" */ = {
			isa = XCConfigurationList;
			buildConfigurations = (
				4B619FFD2202938800A8F992 /* Debug */,
				4B619FFE2202938800A8F992 /* Release */,
			);
			defaultConfigurationIsVisible = 0;
			defaultConfigurationName = Release;
		};
/* End XCConfigurationList section */
	};
	rootObject = 4B619FD42202938700A8F992 /* Project object */;
}
